
Microsoft Visual Studio Solution File, Format Version 12.00
# Blend for Visual Studio 15
VisualStudioVersion = 15.0.28307.168
MinimumVisualStudioVersion = 10.0.40219.1
Project("{FAE04EC0-301F-11D3-BF4B-00C04F79EFBC}") = "Canvas_and_Animations", "Canvas_and_Animations\Canvas_and_Animations.csproj", "{6E79A2BB-A29C-4070-9689-1485AF85A0F1}"
EndProject
Global
	GlobalSection(SolutionConfigurationPlatforms) = preSolution
		Debug|Any CPU = Debug|Any CPU
		Release|Any CPU = Release|Any CPU
	EndGlobalSection
	GlobalSection(ProjectConfigurationPlatforms) = postSolution
		{6E79A2BB-A29C-4070-9689-1485AF85A0F1}.Debug|Any CPU.ActiveCfg = Debug|Any CPU
		{6E79A2BB-A29C-4070-9689-1485AF85A0F1}.Debug|Any CPU.Build.0 = Debug|Any CPU
		{6E79A2BB-A29C-4070-9689-1485AF85A0F1}.Release|Any CPU.ActiveCfg = Release|Any CPU
		{6E79A2BB-A29C-4070-9689-1485AF85A0F1}.Release|Any CPU.Build.0 = Release|Any CPU
	EndGlobalSection
	GlobalSection(SolutionProperties) = preSolution
		HideSolutionNode = FALSE
	EndGlobalSection
	GlobalSection(ExtensibilityGlobals) = postSolution
		SolutionGuid = {355B8463-C199-4EC2-ABA8-A0354E6BD928}
	EndGlobalSection
EndGlobal
